// !$*UTF8*$!
{
	archiveVersion = 1;
	classes = {
	};
	objectVersion = 77;
	objects = {

/* Begin PBXBuildFile section */
		132D39452D37D49400E1458B /* KakaoMapsSDK-SPM in Frameworks */ = {isa = PBXBuildFile; productRef = 132D39442D37D49400E1458B /* KakaoMapsSDK-SPM */; };
		13C6A6642D3CEC470098B394 /* CoreLocation.framework in Frameworks */ = {isa = PBXBuildFile; fileRef = 13C6A6632D3CEC470098B394 /* CoreLocation.framework */; };
		13C6AA342D4E8D8D0098B394 /* Kingfisher in Frameworks */ = {isa = PBXBuildFile; productRef = 13C6AA332D4E8D8D0098B394 /* Kingfisher */; };
		96DB35E82D2E4C2A001FE074 /* CombineMoya in Frameworks */ = {isa = PBXBuildFile; productRef = 96DB35E72D2E4C2A001FE074 /* CombineMoya */; };
		96DB35EA2D2E4C2A001FE074 /* Moya in Frameworks */ = {isa = PBXBuildFile; productRef = 96DB35E92D2E4C2A001FE074 /* Moya */; };
		96DB35EC2D2E4C2A001FE074 /* ReactiveMoya in Frameworks */ = {isa = PBXBuildFile; productRef = 96DB35EB2D2E4C2A001FE074 /* ReactiveMoya */; };
		96DB35EE2D2E4C2A001FE074 /* RxMoya in Frameworks */ = {isa = PBXBuildFile; productRef = 96DB35ED2D2E4C2A001FE074 /* RxMoya */; };
		96DB35F12D2E4C36001FE074 /* Then in Frameworks */ = {isa = PBXBuildFile; productRef = 96DB35F02D2E4C36001FE074 /* Then */; };
		96DB35F42D2E4C40001FE074 /* SnapKit in Frameworks */ = {isa = PBXBuildFile; productRef = 96DB35F32D2E4C40001FE074 /* SnapKit */; };
/* End PBXBuildFile section */

/* Begin PBXFileReference section */
		13C6A6632D3CEC470098B394 /* CoreLocation.framework */ = {isa = PBXFileReference; lastKnownFileType = wrapper.framework; name = CoreLocation.framework; path = System/Library/Frameworks/CoreLocation.framework; sourceTree = SDKROOT; };
		96DB35792D2E4B83001FE074 /* HealEat.app */ = {isa = PBXFileReference; explicitFileType = wrapper.application; includeInIndex = 0; path = HealEat.app; sourceTree = BUILT_PRODUCTS_DIR; };
/* End PBXFileReference section */

/* Begin PBXFileSystemSynchronizedBuildFileExceptionSet section */
		96DB358B2D2E4B85001FE074 /* Exceptions for "HealEat" folder in "HealEat" target */ = {
			isa = PBXFileSystemSynchronizedBuildFileExceptionSet;
			membershipExceptions = (
				Info.plist,
			);
			target = 96DB35782D2E4B83001FE074 /* HealEat */;
		};
/* End PBXFileSystemSynchronizedBuildFileExceptionSet section */

/* Begin PBXFileSystemSynchronizedRootGroup section */
		96DB357B2D2E4B83001FE074 /* HealEat */ = {
			isa = PBXFileSystemSynchronizedRootGroup;
			exceptions = (
				96DB358B2D2E4B85001FE074 /* Exceptions for "HealEat" folder in "HealEat" target */,
			);
			path = HealEat;
			sourceTree = "<group>";
		};
/* End PBXFileSystemSynchronizedRootGroup section */

/* Begin PBXFrameworksBuildPhase section */
		96DB35762D2E4B83001FE074 /* Frameworks */ = {
			isa = PBXFrameworksBuildPhase;
			buildActionMask = 2147483647;
			files = (
				96DB35F12D2E4C36001FE074 /* Then in Frameworks */,
				96DB35EA2D2E4C2A001FE074 /* Moya in Frameworks */,
				96DB35E82D2E4C2A001FE074 /* CombineMoya in Frameworks */,
				13C6AA342D4E8D8D0098B394 /* Kingfisher in Frameworks */,
				96DB35F42D2E4C40001FE074 /* SnapKit in Frameworks */,
				13C6A6642D3CEC470098B394 /* CoreLocation.framework in Frameworks */,
				96DB35EE2D2E4C2A001FE074 /* RxMoya in Frameworks */,
				96DB35EC2D2E4C2A001FE074 /* ReactiveMoya in Frameworks */,
				132D39452D37D49400E1458B /* KakaoMapsSDK-SPM in Frameworks */,
			);
			runOnlyForDeploymentPostprocessing = 0;
		};
/* End PBXFrameworksBuildPhase section */

/* Begin PBXGroup section */
		13C6A6622D3CEC470098B394 /* Frameworks */ = {
			isa = PBXGroup;
			children = (
				13C6A6632D3CEC470098B394 /* CoreLocation.framework */,
			);
			name = Frameworks;
			sourceTree = "<group>";
		};
		96DB35702D2E4B83001FE074 = {
			isa = PBXGroup;
			children = (
				96DB357B2D2E4B83001FE074 /* HealEat */,
				13C6A6622D3CEC470098B394 /* Frameworks */,
				96DB357A2D2E4B83001FE074 /* Products */,
			);
			sourceTree = "<group>";
		};
		96DB357A2D2E4B83001FE074 /* Products */ = {
			isa = PBXGroup;
			children = (
				96DB35792D2E4B83001FE074 /* HealEat.app */,
			);
			name = Products;
			sourceTree = "<group>";
		};
/* End PBXGroup section */

/* Begin PBXNativeTarget section */
		96DB35782D2E4B83001FE074 /* HealEat */ = {
			isa = PBXNativeTarget;
			buildConfigurationList = 96DB358C2D2E4B85001FE074 /* Build configuration list for PBXNativeTarget "HealEat" */;
			buildPhases = (
				96DB35752D2E4B83001FE074 /* Sources */,
				96DB35762D2E4B83001FE074 /* Frameworks */,
				96DB35772D2E4B83001FE074 /* Resources */,
			);
			buildRules = (
			);
			dependencies = (
			);
			fileSystemSynchronizedGroups = (
				96DB357B2D2E4B83001FE074 /* HealEat */,
			);
			name = HealEat;
			packageProductDependencies = (
				96DB35E72D2E4C2A001FE074 /* CombineMoya */,
				96DB35E92D2E4C2A001FE074 /* Moya */,
				96DB35EB2D2E4C2A001FE074 /* ReactiveMoya */,
				96DB35ED2D2E4C2A001FE074 /* RxMoya */,
				96DB35F02D2E4C36001FE074 /* Then */,
				96DB35F32D2E4C40001FE074 /* SnapKit */,
				132D39442D37D49400E1458B /* KakaoMapsSDK-SPM */,
				13C6AA332D4E8D8D0098B394 /* Kingfisher */,
			);
			productName = HealEat;
			productReference = 96DB35792D2E4B83001FE074 /* HealEat.app */;
			productType = "com.apple.product-type.application";
		};
/* End PBXNativeTarget section */

/* Begin PBXProject section */
		96DB35712D2E4B83001FE074 /* Project object */ = {
			isa = PBXProject;
			attributes = {
				BuildIndependentTargetsInParallel = 1;
				LastSwiftUpdateCheck = 1620;
				LastUpgradeCheck = 1620;
				TargetAttributes = {
					96DB35782D2E4B83001FE074 = {
						CreatedOnToolsVersion = 16.2;
					};
				};
			};
			buildConfigurationList = 96DB35742D2E4B83001FE074 /* Build configuration list for PBXProject "HealEat" */;
			developmentRegion = en;
			hasScannedForEncodings = 0;
			knownRegions = (
				en,
				Base,
			);
			mainGroup = 96DB35702D2E4B83001FE074;
			minimizedProjectReferenceProxies = 1;
			packageReferences = (
				96DB35E62D2E4C2A001FE074 /* XCRemoteSwiftPackageReference "Moya" */,
				96DB35EF2D2E4C36001FE074 /* XCRemoteSwiftPackageReference "Then" */,
				96DB35F22D2E4C40001FE074 /* XCRemoteSwiftPackageReference "SnapKit" */,
				132D39432D37D49400E1458B /* XCRemoteSwiftPackageReference "KakaoMapsSDK-SPM" */,
				13C6AA322D4E8D8D0098B394 /* XCRemoteSwiftPackageReference "Kingfisher" */,
			);
			preferredProjectObjectVersion = 77;
			productRefGroup = 96DB357A2D2E4B83001FE074 /* Products */;
			projectDirPath = "";
			projectRoot = "";
			targets = (
				96DB35782D2E4B83001FE074 /* HealEat */,
			);
		};
/* End PBXProject section */

/* Begin PBXResourcesBuildPhase section */
		96DB35772D2E4B83001FE074 /* Resources */ = {
			isa = PBXResourcesBuildPhase;
			buildActionMask = 2147483647;
			files = (
			);
			runOnlyForDeploymentPostprocessing = 0;
		};
/* End PBXResourcesBuildPhase section */

/* Begin PBXSourcesBuildPhase section */
		96DB35752D2E4B83001FE074 /* Sources */ = {
			isa = PBXSourcesBuildPhase;
			buildActionMask = 2147483647;
			files = (
			);
			runOnlyForDeploymentPostprocessing = 0;
		};
/* End PBXSourcesBuildPhase section */

/* Begin XCBuildConfiguration section */
		96DB358D2D2E4B85001FE074 /* Debug */ = {
			isa = XCBuildConfiguration;
			buildSettings = {
				ASSETCATALOG_COMPILER_APPICON_NAME = AppIcon;
				ASSETCATALOG_COMPILER_GLOBAL_ACCENT_COLOR_NAME = AccentColor;
				CODE_SIGN_STYLE = Automatic;
				CURRENT_PROJECT_VERSION = 1;
				DEVELOPMENT_TEAM = Y4WKL32C5C;
				GENERATE_INFOPLIST_FILE = YES;
				INFOPLIST_FILE = HealEat/Info.plist;
				INFOPLIST_KEY_UIApplicationSupportsIndirectInputEvents = YES;
				INFOPLIST_KEY_UILaunchStoryboardName = LaunchScreen;
				INFOPLIST_KEY_UISupportedInterfaceOrientations_iPad = "UIInterfaceOrientationPortrait UIInterfaceOrientationPortraitUpsideDown UIInterfaceOrientationLandscapeLeft UIInterfaceOrientationLandscapeRight";
				INFOPLIST_KEY_UISupportedInterfaceOrientations_iPhone = "UIInterfaceOrientationPortrait UIInterfaceOrientationLandscapeLeft UIInterfaceOrientationLandscapeRight";
				LD_RUNPATH_SEARCH_PATHS = (
					"$(inherited)",
					"@executable_path/Frameworks",
				);
				MARKETING_VERSION = 1.0;
				PRODUCT_BUNDLE_IDENTIFIER = com.umc.HealEat;
				PRODUCT_NAME = "$(TARGET_NAME)";
				SWIFT_EMIT_LOC_STRINGS = YES;
				SWIFT_VERSION = 5.0;
				TARGETED_DEVICE_FAMILY = "1,2";
			};
			name = Debug;
		};
		96DB358E2D2E4B85001FE074 /* Release */ = {
			isa = XCBuildConfiguration;
			buildSettings = {
				ASSETCATALOG_COMPILER_APPICON_NAME = AppIcon;
				ASSETCATALOG_COMPILER_GLOBAL_ACCENT_COLOR_NAME = AccentColor;
				CODE_SIGN_STYLE = Automatic;
				CURRENT_PROJECT_VERSION = 1;
				DEVELOPMENT_TEAM = Y4WKL32C5C;
				GENERATE_INFOPLIST_FILE = YES;
				INFOPLIST_FILE = HealEat/Info.plist;
				INFOPLIST_KEY_UIApplicationSupportsIndirectInputEvents = YES;
				INFOPLIST_KEY_UILaunchStoryboardName = LaunchScreen;
				INFOPLIST_KEY_UISupportedInterfaceOrientations_iPad = "UIInterfaceOrientationPortrait UIInterfaceOrientationPortraitUpsideDown UIInterfaceOrientationLandscapeLeft UIInterfaceOrientationLandscapeRight";
				INFOPLIST_KEY_UISupportedInterfaceOrientations_iPhone = "UIInterfaceOrientationPortrait UIInterfaceOrientationLandscapeLeft UIInterfaceOrientationLandscapeRight";
				LD_RUNPATH_SEARCH_PATHS = (
					"$(inherited)",
					"@executable_path/Frameworks",
				);
				MARKETING_VERSION = 1.0;
				PRODUCT_BUNDLE_IDENTIFIER = com.umc.HealEat;
				PRODUCT_NAME = "$(TARGET_NAME)";
				SWIFT_EMIT_LOC_STRINGS = YES;
				SWIFT_VERSION = 5.0;
				TARGETED_DEVICE_FAMILY = "1,2";
			};
			name = Release;
		};
		96DB358F2D2E4B85001FE074 /* Debug */ = {
			isa = XCBuildConfiguration;
			buildSettings = {
				ALWAYS_SEARCH_USER_PATHS = NO;
				ASSETCATALOG_COMPILER_GENERATE_SWIFT_ASSET_SYMBOL_EXTENSIONS = YES;
				CLANG_ANALYZER_NONNULL = YES;
				CLANG_ANALYZER_NUMBER_OBJECT_CONVERSION = YES_AGGRESSIVE;
				CLANG_CXX_LANGUAGE_STANDARD = "gnu++20";
				CLANG_ENABLE_MODULES = YES;
				CLANG_ENABLE_OBJC_ARC = YES;
				CLANG_ENABLE_OBJC_WEAK = YES;
				CLANG_WARN_BLOCK_CAPTURE_AUTORELEASING = YES;
				CLANG_WARN_BOOL_CONVERSION = YES;
				CLANG_WARN_COMMA = YES;
				CLANG_WARN_CONSTANT_CONVERSION = YES;
				CLANG_WARN_DEPRECATED_OBJC_IMPLEMENTATIONS = YES;
				CLANG_WARN_DIRECT_OBJC_ISA_USAGE = YES_ERROR;
				CLANG_WARN_DOCUMENTATION_COMMENTS = YES;
				CLANG_WARN_EMPTY_BODY = YES;
				CLANG_WARN_ENUM_CONVERSION = YES;
				CLANG_WARN_INFINITE_RECURSION = YES;
				CLANG_WARN_INT_CONVERSION = YES;
				CLANG_WARN_NON_LITERAL_NULL_CONVERSION = YES;
				CLANG_WARN_OBJC_IMPLICIT_RETAIN_SELF = YES;
				CLANG_WARN_OBJC_LITERAL_CONVERSION = YES;
				CLANG_WARN_OBJC_ROOT_CLASS = YES_ERROR;
				CLANG_WARN_QUOTED_INCLUDE_IN_FRAMEWORK_HEADER = YES;
				CLANG_WARN_RANGE_LOOP_ANALYSIS = YES;
				CLANG_WARN_STRICT_PROTOTYPES = YES;
				CLANG_WARN_SUSPICIOUS_MOVE = YES;
				CLANG_WARN_UNGUARDED_AVAILABILITY = YES_AGGRESSIVE;
				CLANG_WARN_UNREACHABLE_CODE = YES;
				CLANG_WARN__DUPLICATE_METHOD_MATCH = YES;
				COPY_PHASE_STRIP = NO;
				DEBUG_INFORMATION_FORMAT = dwarf;
				ENABLE_STRICT_OBJC_MSGSEND = YES;
				ENABLE_TESTABILITY = YES;
				ENABLE_USER_SCRIPT_SANDBOXING = YES;
				GCC_C_LANGUAGE_STANDARD = gnu17;
				GCC_DYNAMIC_NO_PIC = NO;
				GCC_NO_COMMON_BLOCKS = YES;
				GCC_OPTIMIZATION_LEVEL = 0;
				GCC_PREPROCESSOR_DEFINITIONS = (
					"DEBUG=1",
					"$(inherited)",
				);
				GCC_WARN_64_TO_32_BIT_CONVERSION = YES;
				GCC_WARN_ABOUT_RETURN_TYPE = YES_ERROR;
				GCC_WARN_UNDECLARED_SELECTOR = YES;
				GCC_WARN_UNINITIALIZED_AUTOS = YES_AGGRESSIVE;
				GCC_WARN_UNUSED_FUNCTION = YES;
				GCC_WARN_UNUSED_VARIABLE = YES;
				IPHONEOS_DEPLOYMENT_TARGET = 18.2;
				LOCALIZATION_PREFERS_STRING_CATALOGS = YES;
				MTL_ENABLE_DEBUG_INFO = INCLUDE_SOURCE;
				MTL_FAST_MATH = YES;
				ONLY_ACTIVE_ARCH = YES;
				SDKROOT = iphoneos;
				SWIFT_ACTIVE_COMPILATION_CONDITIONS = "DEBUG $(inherited)";
				SWIFT_OPTIMIZATION_LEVEL = "-Onone";
			};
			name = Debug;
		};
		96DB35902D2E4B85001FE074 /* Release */ = {
			isa = XCBuildConfiguration;
			buildSettings = {
				ALWAYS_SEARCH_USER_PATHS = NO;
				ASSETCATALOG_COMPILER_GENERATE_SWIFT_ASSET_SYMBOL_EXTENSIONS = YES;
				CLANG_ANALYZER_NONNULL = YES;
				CLANG_ANALYZER_NUMBER_OBJECT_CONVERSION = YES_AGGRESSIVE;
				CLANG_CXX_LANGUAGE_STANDARD = "gnu++20";
				CLANG_ENABLE_MODULES = YES;
				CLANG_ENABLE_OBJC_ARC = YES;
				CLANG_ENABLE_OBJC_WEAK = YES;
				CLANG_WARN_BLOCK_CAPTURE_AUTORELEASING = YES;
				CLANG_WARN_BOOL_CONVERSION = YES;
				CLANG_WARN_COMMA = YES;
				CLANG_WARN_CONSTANT_CONVERSION = YES;
				CLANG_WARN_DEPRECATED_OBJC_IMPLEMENTATIONS = YES;
				CLANG_WARN_DIRECT_OBJC_ISA_USAGE = YES_ERROR;
				CLANG_WARN_DOCUMENTATION_COMMENTS = YES;
				CLANG_WARN_EMPTY_BODY = YES;
				CLANG_WARN_ENUM_CONVERSION = YES;
				CLANG_WARN_INFINITE_RECURSION = YES;
				CLANG_WARN_INT_CONVERSION = YES;
				CLANG_WARN_NON_LITERAL_NULL_CONVERSION = YES;
				CLANG_WARN_OBJC_IMPLICIT_RETAIN_SELF = YES;
				CLANG_WARN_OBJC_LITERAL_CONVERSION = YES;
				CLANG_WARN_OBJC_ROOT_CLASS = YES_ERROR;
				CLANG_WARN_QUOTED_INCLUDE_IN_FRAMEWORK_HEADER = YES;
				CLANG_WARN_RANGE_LOOP_ANALYSIS = YES;
				CLANG_WARN_STRICT_PROTOTYPES = YES;
				CLANG_WARN_SUSPICIOUS_MOVE = YES;
				CLANG_WARN_UNGUARDED_AVAILABILITY = YES_AGGRESSIVE;
				CLANG_WARN_UNREACHABLE_CODE = YES;
				CLANG_WARN__DUPLICATE_METHOD_MATCH = YES;
				COPY_PHASE_STRIP = NO;
				DEBUG_INFORMATION_FORMAT = "dwarf-with-dsym";
				ENABLE_NS_ASSERTIONS = NO;
				ENABLE_STRICT_OBJC_MSGSEND = YES;
				ENABLE_USER_SCRIPT_SANDBOXING = YES;
				GCC_C_LANGUAGE_STANDARD = gnu17;
				GCC_NO_COMMON_BLOCKS = YES;
				GCC_WARN_64_TO_32_BIT_CONVERSION = YES;
				GCC_WARN_ABOUT_RETURN_TYPE = YES_ERROR;
				GCC_WARN_UNDECLARED_SELECTOR = YES;
				GCC_WARN_UNINITIALIZED_AUTOS = YES_AGGRESSIVE;
				GCC_WARN_UNUSED_FUNCTION = YES;
				GCC_WARN_UNUSED_VARIABLE = YES;
				IPHONEOS_DEPLOYMENT_TARGET = 18.2;
				LOCALIZATION_PREFERS_STRING_CATALOGS = YES;
				MTL_ENABLE_DEBUG_INFO = NO;
				MTL_FAST_MATH = YES;
				SDKROOT = iphoneos;
				SWIFT_COMPILATION_MODE = wholemodule;
				VALIDATE_PRODUCT = YES;
			};
			name = Release;
		};
/* End XCBuildConfiguration section */

/* Begin XCConfigurationList section */
		96DB35742D2E4B83001FE074 /* Build configuration list for PBXProject "HealEat" */ = {
			isa = XCConfigurationList;
			buildConfigurations = (
				96DB358F2D2E4B85001FE074 /* Debug */,
				96DB35902D2E4B85001FE074 /* Release */,
			);
			defaultConfigurationIsVisible = 0;
			defaultConfigurationName = Release;
		};
		96DB358C2D2E4B85001FE074 /* Build configuration list for PBXNativeTarget "HealEat" */ = {
			isa = XCConfigurationList;
			buildConfigurations = (
				96DB358D2D2E4B85001FE074 /* Debug */,
				96DB358E2D2E4B85001FE074 /* Release */,
			);
			defaultConfigurationIsVisible = 0;
			defaultConfigurationName = Release;
		};
/* End XCConfigurationList section */

/* Begin XCRemoteSwiftPackageReference section */
		132D39432D37D49400E1458B /* XCRemoteSwiftPackageReference "KakaoMapsSDK-SPM" */ = {
			isa = XCRemoteSwiftPackageReference;
			repositoryURL = "https://github.com/kakao-mapsSDK/KakaoMapsSDK-SPM.git";
			requirement = {
				kind = upToNextMajorVersion;
				minimumVersion = 2.12.4;
			};
		};
		13C6AA322D4E8D8D0098B394 /* XCRemoteSwiftPackageReference "Kingfisher" */ = {
			isa = XCRemoteSwiftPackageReference;
			repositoryURL = "https://github.com/onevcat/Kingfisher";
			requirement = {
				kind = upToNextMajorVersion;
				minimumVersion = 8.1.4;
			};
		};
		96DB35E62D2E4C2A001FE074 /* XCRemoteSwiftPackageReference "Moya" */ = {
			isa = XCRemoteSwiftPackageReference;
			repositoryURL = "https://github.com/Moya/Moya/";
			requirement = {
				kind = upToNextMajorVersion;
				minimumVersion = 15.0.3;
			};
		};
		96DB35EF2D2E4C36001FE074 /* XCRemoteSwiftPackageReference "Then" */ = {
			isa = XCRemoteSwiftPackageReference;
			repositoryURL = "https://github.com/devxoul/Then";
			requirement = {
				kind = upToNextMajorVersion;
				minimumVersion = 3.0.0;
			};
		};
		96DB35F22D2E4C40001FE074 /* XCRemoteSwiftPackageReference "SnapKit" */ = {
			isa = XCRemoteSwiftPackageReference;
			repositoryURL = "https://github.com/SnapKit/SnapKit";
			requirement = {
				kind = upToNextMajorVersion;
				minimumVersion = 5.7.1;
			};
		};
/* End XCRemoteSwiftPackageReference section */

/* Begin XCSwiftPackageProductDependency section */
		132D39442D37D49400E1458B /* KakaoMapsSDK-SPM */ = {
			isa = XCSwiftPackageProductDependency;
			package = 132D39432D37D49400E1458B /* XCRemoteSwiftPackageReference "KakaoMapsSDK-SPM" */;
			productName = "KakaoMapsSDK-SPM";
		};
		13C6AA332D4E8D8D0098B394 /* Kingfisher */ = {
			isa = XCSwiftPackageProductDependency;
			package = 13C6AA322D4E8D8D0098B394 /* XCRemoteSwiftPackageReference "Kingfisher" */;
			productName = Kingfisher;
		};
		96DB35E72D2E4C2A001FE074 /* CombineMoya */ = {
			isa = XCSwiftPackageProductDependency;
			package = 96DB35E62D2E4C2A001FE074 /* XCRemoteSwiftPackageReference "Moya" */;
			productName = CombineMoya;
		};
		96DB35E92D2E4C2A001FE074 /* Moya */ = {
			isa = XCSwiftPackageProductDependency;
			package = 96DB35E62D2E4C2A001FE074 /* XCRemoteSwiftPackageReference "Moya" */;
			productName = Moya;
		};
		96DB35EB2D2E4C2A001FE074 /* ReactiveMoya */ = {
			isa = XCSwiftPackageProductDependency;
			package = 96DB35E62D2E4C2A001FE074 /* XCRemoteSwiftPackageReference "Moya" */;
			productName = ReactiveMoya;
		};
		96DB35ED2D2E4C2A001FE074 /* RxMoya */ = {
			isa = XCSwiftPackageProductDependency;
			package = 96DB35E62D2E4C2A001FE074 /* XCRemoteSwiftPackageReference "Moya" */;
			productName = RxMoya;
		};
		96DB35F02D2E4C36001FE074 /* Then */ = {
			isa = XCSwiftPackageProductDependency;
			package = 96DB35EF2D2E4C36001FE074 /* XCRemoteSwiftPackageReference "Then" */;
			productName = Then;
		};
		96DB35F32D2E4C40001FE074 /* SnapKit */ = {
			isa = XCSwiftPackageProductDependency;
			package = 96DB35F22D2E4C40001FE074 /* XCRemoteSwiftPackageReference "SnapKit" */;
			productName = SnapKit;
		};
/* End XCSwiftPackageProductDependency section */
	};
	rootObject = 96DB35712D2E4B83001FE074 /* Project object */;
}
